{
  "name": "stigma",
  "version": "1.0.0",
  "lockfileVersion": 1,
  "requires": true,
  "dependencies": {
    "action-cable-react-jwt": {
      "version": "0.0.5",
      "resolved": "https://registry.npmjs.org/action-cable-react-jwt/-/action-cable-react-jwt-0.0.5.tgz",
      "integrity": "sha1-QWZuR4gYkZ7uVfoEQbV8Md921o8="
    }
  }
}
